
Microsoft Visual Studio Solution File, Format Version 12.00
# Visual Studio Version 17
VisualStudioVersion = 17.13.35825.156
MinimumVisualStudioVersion = 10.0.40219.1
Project("{2150E333-8FDC-42A3-9474-1A3956D46DE8}") = "src", "src", "{02EA681E-C7D8-13C7-8484-4AC65E1B71E8}"
EndProject
Project("{2150E333-8FDC-42A3-9474-1A3956D46DE8}") = "Server", "Server", "{8ED3A955-C2AC-4826-991D-01CC630789F9}"
EndProject
Project("{FAE04EC0-301F-11D3-BF4B-00C04F79EFBC}") = "JobServer.Api", "src\Server\JobServer.Api\JobServer.Api.csproj", "{96DD47FA-EBA1-4475-9904-7306168971B7}"
EndProject
Global
	GlobalSection(SolutionConfigurationPlatforms) = preSolution
		Debug|Any CPU = Debug|Any CPU
		Release|Any CPU = Release|Any CPU
	EndGlobalSection
	GlobalSection(ProjectConfigurationPlatforms) = postSolution
		{96DD47FA-EBA1-4475-9904-7306168971B7}.Debug|Any CPU.ActiveCfg = Debug|Any CPU
		{96DD47FA-EBA1-4475-9904-7306168971B7}.Debug|Any CPU.Build.0 = Debug|Any CPU
		{96DD47FA-EBA1-4475-9904-7306168971B7}.Release|Any CPU.ActiveCfg = Release|Any CPU
		{96DD47FA-EBA1-4475-9904-7306168971B7}.Release|Any CPU.Build.0 = Release|Any CPU
	EndGlobalSection
	GlobalSection(SolutionProperties) = preSolution
		HideSolutionNode = FALSE
	EndGlobalSection
	GlobalSection(NestedProjects) = preSolution
		{8ED3A955-C2AC-4826-991D-01CC630789F9} = {02EA681E-C7D8-13C7-8484-4AC65E1B71E8}
		{96DD47FA-EBA1-4475-9904-7306168971B7} = {8ED3A955-C2AC-4826-991D-01CC630789F9}
	EndGlobalSection
	GlobalSection(ExtensibilityGlobals) = postSolution
		SolutionGuid = {9C6C2FC1-99D8-46AB-8373-5DA238CC1313}
	EndGlobalSection
EndGlobal
