
Microsoft Visual Studio Solution File, Format Version 12.00
# Visual Studio Version 17
VisualStudioVersion = 17.13.35825.156
MinimumVisualStudioVersion = 10.0.40219.1
Project("{2150E333-8FDC-42A3-9474-1A3956D46DE8}") = "src", "src", "{02EA681E-C7D8-13C7-8484-4AC65E1B71E8}"
EndProject
Project("{2150E333-8FDC-42A3-9474-1A3956D46DE8}") = "Server", "Server", "{8ED3A955-C2AC-4826-991D-01CC630789F9}"
EndProject
Project("{FAE04EC0-301F-11D3-BF4B-00C04F79EFBC}") = "JobServer.Api", "src\Server\JobServer.Api\JobServer.Api.csproj", "{96DD47FA-EBA1-4475-9904-7306168971B7}"
EndProject
Project("{FAE04EC0-301F-11D3-BF4B-00C04F79EFBC}") = "JobServer.Domain", "src\Server\JobServer.Domain\JobServer.Domain.csproj", "{E7975E35-57B5-4DFE-8B86-54D8DC199FF9}"
EndProject
Project("{FAE04EC0-301F-11D3-BF4B-00C04F79EFBC}") = "JobServer.Application", "src\Server\JobServer.Application\JobServer.Application.csproj", "{C2DE9B71-3AA4-4CDE-B0AF-497EEDB175D1}"
EndProject
Project("{FAE04EC0-301F-11D3-BF4B-00C04F79EFBC}") = "JobServer.Infrastructure", "src\Server\JobServer.Infrastructure\JobServer.Infrastructure.csproj", "{D36CCEF4-174C-40E9-B369-E22E3BED49F2}"
EndProject
Project("{2150E333-8FDC-42A3-9474-1A3956D46DE8}") = "Client", "Client", "{046DCEB0-C264-43FE-BD3F-A35BF68B525C}"
EndProject
Project("{FAE04EC0-301F-11D3-BF4B-00C04F79EFBC}") = "JobClient", "src\Client\JobClient\JobClient.csproj", "{60520DC4-0BE1-453C-9D02-1CDBA83F365E}"
EndProject
Project("{FAE04EC0-301F-11D3-BF4B-00C04F79EFBC}") = "JobServer.Tests", "src\Server\JobServer.Tests\JobServer.Tests.csproj", "{98CD568E-6A06-4E1F-A3E8-23F21A6746CF}"
EndProject
Global
	GlobalSection(SolutionConfigurationPlatforms) = preSolution
		Debug|Any CPU = Debug|Any CPU
		Release|Any CPU = Release|Any CPU
	EndGlobalSection
	GlobalSection(ProjectConfigurationPlatforms) = postSolution
		{96DD47FA-EBA1-4475-9904-7306168971B7}.Debug|Any CPU.ActiveCfg = Debug|Any CPU
		{96DD47FA-EBA1-4475-9904-7306168971B7}.Debug|Any CPU.Build.0 = Debug|Any CPU
		{96DD47FA-EBA1-4475-9904-7306168971B7}.Release|Any CPU.ActiveCfg = Release|Any CPU
		{96DD47FA-EBA1-4475-9904-7306168971B7}.Release|Any CPU.Build.0 = Release|Any CPU
		{E7975E35-57B5-4DFE-8B86-54D8DC199FF9}.Debug|Any CPU.ActiveCfg = Debug|Any CPU
		{E7975E35-57B5-4DFE-8B86-54D8DC199FF9}.Debug|Any CPU.Build.0 = Debug|Any CPU
		{E7975E35-57B5-4DFE-8B86-54D8DC199FF9}.Release|Any CPU.ActiveCfg = Release|Any CPU
		{E7975E35-57B5-4DFE-8B86-54D8DC199FF9}.Release|Any CPU.Build.0 = Release|Any CPU
		{C2DE9B71-3AA4-4CDE-B0AF-497EEDB175D1}.Debug|Any CPU.ActiveCfg = Debug|Any CPU
		{C2DE9B71-3AA4-4CDE-B0AF-497EEDB175D1}.Debug|Any CPU.Build.0 = Debug|Any CPU
		{C2DE9B71-3AA4-4CDE-B0AF-497EEDB175D1}.Release|Any CPU.ActiveCfg = Release|Any CPU
		{C2DE9B71-3AA4-4CDE-B0AF-497EEDB175D1}.Release|Any CPU.Build.0 = Release|Any CPU
		{D36CCEF4-174C-40E9-B369-E22E3BED49F2}.Debug|Any CPU.ActiveCfg = Debug|Any CPU
		{D36CCEF4-174C-40E9-B369-E22E3BED49F2}.Debug|Any CPU.Build.0 = Debug|Any CPU
		{D36CCEF4-174C-40E9-B369-E22E3BED49F2}.Release|Any CPU.ActiveCfg = Release|Any CPU
		{D36CCEF4-174C-40E9-B369-E22E3BED49F2}.Release|Any CPU.Build.0 = Release|Any CPU
		{60520DC4-0BE1-453C-9D02-1CDBA83F365E}.Debug|Any CPU.ActiveCfg = Debug|Any CPU
		{60520DC4-0BE1-453C-9D02-1CDBA83F365E}.Debug|Any CPU.Build.0 = Debug|Any CPU
		{60520DC4-0BE1-453C-9D02-1CDBA83F365E}.Release|Any CPU.ActiveCfg = Release|Any CPU
		{60520DC4-0BE1-453C-9D02-1CDBA83F365E}.Release|Any CPU.Build.0 = Release|Any CPU
		{98CD568E-6A06-4E1F-A3E8-23F21A6746CF}.Debug|Any CPU.ActiveCfg = Debug|Any CPU
		{98CD568E-6A06-4E1F-A3E8-23F21A6746CF}.Debug|Any CPU.Build.0 = Debug|Any CPU
		{98CD568E-6A06-4E1F-A3E8-23F21A6746CF}.Release|Any CPU.ActiveCfg = Release|Any CPU
		{98CD568E-6A06-4E1F-A3E8-23F21A6746CF}.Release|Any CPU.Build.0 = Release|Any CPU
	EndGlobalSection
	GlobalSection(SolutionProperties) = preSolution
		HideSolutionNode = FALSE
	EndGlobalSection
	GlobalSection(NestedProjects) = preSolution
		{8ED3A955-C2AC-4826-991D-01CC630789F9} = {02EA681E-C7D8-13C7-8484-4AC65E1B71E8}
		{96DD47FA-EBA1-4475-9904-7306168971B7} = {8ED3A955-C2AC-4826-991D-01CC630789F9}
		{E7975E35-57B5-4DFE-8B86-54D8DC199FF9} = {8ED3A955-C2AC-4826-991D-01CC630789F9}
		{C2DE9B71-3AA4-4CDE-B0AF-497EEDB175D1} = {8ED3A955-C2AC-4826-991D-01CC630789F9}
		{D36CCEF4-174C-40E9-B369-E22E3BED49F2} = {8ED3A955-C2AC-4826-991D-01CC630789F9}
		{046DCEB0-C264-43FE-BD3F-A35BF68B525C} = {02EA681E-C7D8-13C7-8484-4AC65E1B71E8}
		{60520DC4-0BE1-453C-9D02-1CDBA83F365E} = {046DCEB0-C264-43FE-BD3F-A35BF68B525C}
		{98CD568E-6A06-4E1F-A3E8-23F21A6746CF} = {8ED3A955-C2AC-4826-991D-01CC630789F9}
	EndGlobalSection
	GlobalSection(ExtensibilityGlobals) = postSolution
		SolutionGuid = {9C6C2FC1-99D8-46AB-8373-5DA238CC1313}
	EndGlobalSection
EndGlobal
